{
  "originHash" : "bb5c655dfbbfdbac6c2bbd6616b0a6e21112bf0bd0a47fa09ecbe07f870654be",
  "pins" : [
    {
      "identity" : "payengine-softpos-swift-package",
      "kind" : "remoteSourceControl",
      "location" : "https://github.com/payengine/payengine-softpos-swift-package.git",
      "state" : {
        "branch" : "1.1.2.alpha.1",
        "revision" : "51dd6b4800431c9296a6dd1563b6ec6749f12e51"
      }
    }
  ],
  "version" : 3
}
