{
  "originHash" : "bb5c655dfbbfdbac6c2bbd6616b0a6e21112bf0bd0a47fa09ecbe07f870654be",
  "pins" : [
    {
      "identity" : "payengine-softpos-swift-package",
      "kind" : "remoteSourceControl",
      "location" : "https://github.com/payengine/payengine-softpos-swift-package.git",
      "state" : {
        "revision" : "f841e685d18db2941f952e7a91c6ef033390353e",
        "version" : "0.0.202511141636"
      }
    }
  ],
  "version" : 3
}
