{
  "originHash" : "bb5c655dfbbfdbac6c2bbd6616b0a6e21112bf0bd0a47fa09ecbe07f870654be",
  "pins" : [
    {
      "identity" : "payengine-softpos-swift-package",
      "kind" : "remoteSourceControl",
      "location" : "https://github.com/payengine/payengine-softpos-swift-package.git",
      "state" : {
        "revision" : "653717ccf7a2d8d16ed5fc41c6e5a6a5b7ba929c",
        "version" : "0.0.202511141000"
      }
    }
  ],
  "version" : 3
}
